
Microsoft Visual Studio Solution File, Format Version 12.00
# Visual Studio Version 17
VisualStudioVersion = 17.9.34622.214
MinimumVisualStudioVersion = 10.0.40219.1
Project("{9A19103F-16F7-4668-BE54-9A1E7A4F7556}") = "Presentacion", "Presentacion\Presentacion.csproj", "{0A7100DB-218A-4262-9095-78D159D9D78A}"
EndProject
Project("{9A19103F-16F7-4668-BE54-9A1E7A4F7556}") = "CapaNegocio", "Negocio\CapaNegocio.csproj", "{E2AAAD81-4572-4732-8F80-BC579783457C}"
EndProject
Project("{9A19103F-16F7-4668-BE54-9A1E7A4F7556}") = "CapaData", "Data\CapaData.csproj", "{A28E8FE1-0A55-4996-B3B8-B6EADC3C0A60}"
EndProject
Project("{9A19103F-16F7-4668-BE54-9A1E7A4F7556}") = "CapaEntidad", "Entidad\CapaEntidad.csproj", "{2EA9E681-36F9-4D34-8711-CFA620288012}"
EndProject
Global
	GlobalSection(SolutionConfigurationPlatforms) = preSolution
		Debug|Any CPU = Debug|Any CPU
		Release|Any CPU = Release|Any CPU
	EndGlobalSection
	GlobalSection(ProjectConfigurationPlatforms) = postSolution
		{0A7100DB-218A-4262-9095-78D159D9D78A}.Debug|Any CPU.ActiveCfg = Debug|Any CPU
		{0A7100DB-218A-4262-9095-78D159D9D78A}.Debug|Any CPU.Build.0 = Debug|Any CPU
		{0A7100DB-218A-4262-9095-78D159D9D78A}.Release|Any CPU.ActiveCfg = Release|Any CPU
		{0A7100DB-218A-4262-9095-78D159D9D78A}.Release|Any CPU.Build.0 = Release|Any CPU
		{E2AAAD81-4572-4732-8F80-BC579783457C}.Debug|Any CPU.ActiveCfg = Debug|Any CPU
		{E2AAAD81-4572-4732-8F80-BC579783457C}.Debug|Any CPU.Build.0 = Debug|Any CPU
		{E2AAAD81-4572-4732-8F80-BC579783457C}.Release|Any CPU.ActiveCfg = Release|Any CPU
		{E2AAAD81-4572-4732-8F80-BC579783457C}.Release|Any CPU.Build.0 = Release|Any CPU
		{A28E8FE1-0A55-4996-B3B8-B6EADC3C0A60}.Debug|Any CPU.ActiveCfg = Debug|Any CPU
		{A28E8FE1-0A55-4996-B3B8-B6EADC3C0A60}.Debug|Any CPU.Build.0 = Debug|Any CPU
		{A28E8FE1-0A55-4996-B3B8-B6EADC3C0A60}.Release|Any CPU.ActiveCfg = Release|Any CPU
		{A28E8FE1-0A55-4996-B3B8-B6EADC3C0A60}.Release|Any CPU.Build.0 = Release|Any CPU
		{2EA9E681-36F9-4D34-8711-CFA620288012}.Debug|Any CPU.ActiveCfg = Debug|Any CPU
		{2EA9E681-36F9-4D34-8711-CFA620288012}.Debug|Any CPU.Build.0 = Debug|Any CPU
		{2EA9E681-36F9-4D34-8711-CFA620288012}.Release|Any CPU.ActiveCfg = Release|Any CPU
		{2EA9E681-36F9-4D34-8711-CFA620288012}.Release|Any CPU.Build.0 = Release|Any CPU
	EndGlobalSection
	GlobalSection(SolutionProperties) = preSolution
		HideSolutionNode = FALSE
	EndGlobalSection
	GlobalSection(ExtensibilityGlobals) = postSolution
		SolutionGuid = {23E3A172-B89B-4F83-B2C6-EA12F2F4501F}
	EndGlobalSection
EndGlobal
